{
  "version": 1,
  "dependencies": {
    "net10.0-windows7.0": {
      "Microsoft.DotNet.ILCompiler": {
        "type": "Direct",
        "requested": "[10.0.9, )",
        "resolved": "10.0.9",
        "contentHash": "4y+VsQOcs4EiTSINdCpCWi/aLRbIbGTxSezQXd8uGVhzbDRm1FNVTZDyCUQixE0+g9UFusvfxVcF68YYz7RzxA=="
      },
      "Microsoft.NET.ILLink.Tasks": {
        "type": "Direct",
        "requested": "[10.0.9, )",
        "resolved": "10.0.9",
        "contentHash": "4Iw41e2h7I4t70SJcX2GCmbyKJIlA273Cfm9RJMM050/3VBejGAG1KcthP5Z2L6SQcbfbf6BhNWO26+ZG+GzMg=="
      },
      "Microsoft.Windows.CsWin32": {
        "type": "Direct",
        "requested": "[0.3.275, )",
        "resolved": "0.3.275",
        "contentHash": "PzFiVQdVxDY+iTX9U2K3IPVy4uvouZLDDsfRw5G+apVAcMGEeNlIqa/XLGu9xyGgysbwTulWsvlHHL4dX9aIQw==",
        "dependencies": {
          "Microsoft.Windows.SDK.Win32Docs": "0.1.42-alpha",
          "Microsoft.Windows.SDK.Win32Metadata": "70.0.11-preview",
          "Microsoft.Windows.WDK.Win32Metadata": "0.13.25-experimental"
        }
      },
      "Microsoft.Windows.SDK.Win32Docs": {
        "type": "Transitive",
        "resolved": "0.1.42-alpha",
        "contentHash": "Z/9po23gUA9aoukirh2ItMU2ZS9++Js9Gdds9fu5yuMojDrmArvY2y+tq9985tR3cxFxpZO1O35Wjfo0khj5HA=="
      },
      "Microsoft.Windows.SDK.Win32Metadata": {
        "type": "Transitive",
        "resolved": "70.0.11-preview",
        "contentHash": "i8Dv2KCKzH8MQAsgLeUa5zFGyQOoz+TlvnbkFUkjsUtqhj4oguVj9rDpVACs5fLayZbwItOSllf+bhwr+z2yeg=="
      },
      "Microsoft.Windows.WDK.Win32Metadata": {
        "type": "Transitive",
        "resolved": "0.13.25-experimental",
        "contentHash": "IM50tb/+UIwBr9FMr6ZKcZjCMW+Axo6NjGqKxgjUfyCY8dRnYUfrJEXxAaXoWtYP4X8EmASmC1Jtwh4XucseZg==",
        "dependencies": {
          "Microsoft.Windows.SDK.Win32Metadata": "63.0.31-preview"
        }
      }
    },
    "net10.0-windows7.0/win-x64": {
      "Microsoft.DotNet.ILCompiler": {
        "type": "Direct",
        "requested": "[10.0.9, )",
        "resolved": "10.0.9",
        "contentHash": "4y+VsQOcs4EiTSINdCpCWi/aLRbIbGTxSezQXd8uGVhzbDRm1FNVTZDyCUQixE0+g9UFusvfxVcF68YYz7RzxA==",
        "dependencies": {
          "runtime.win-x64.Microsoft.DotNet.ILCompiler": "10.0.9"
        }
      },
      "runtime.win-x64.Microsoft.DotNet.ILCompiler": {
        "type": "Transitive",
        "resolved": "10.0.9",
        "contentHash": "UEY5D3CvpctP5tcewYlnFS8JNReAEFTfAs//ZN733Oq9BXbTSZBCmBWnCs8JKgduHHa3u4oJ9ehfrZzV1xOFNA=="
      }
    }
  }
}